
Microsoft Visual Studio Solution File, Format Version 12.00
# Visual Studio Version 16
VisualStudioVersion = 16.0.29215.179
MinimumVisualStudioVersion = 10.0.40219.1
Project("{FAE04EC0-301F-11D3-BF4B-00C04F79EFBC}") = "SCTBuilder", "SCTBuilder.csproj", "{62EDD5CD-ED67-4461-888C-1C435EEF2855}"
EndProject
Global
	GlobalSection(SolutionConfigurationPlatforms) = preSolution
		Debug|Any CPU = Debug|Any CPU
		Release|Any CPU = Release|Any CPU
	EndGlobalSection
	GlobalSection(ProjectConfigurationPlatforms) = postSolution
		{62EDD5CD-ED67-4461-888C-1C435EEF2855}.Debug|Any CPU.ActiveCfg = Debug|Any CPU
		{62EDD5CD-ED67-4461-888C-1C435EEF2855}.Debug|Any CPU.Build.0 = Debug|Any CPU
		{62EDD5CD-ED67-4461-888C-1C435EEF2855}.Release|Any CPU.ActiveCfg = Release|Any CPU
		{62EDD5CD-ED67-4461-888C-1C435EEF2855}.Release|Any CPU.Build.0 = Release|Any CPU
	EndGlobalSection
	GlobalSection(SolutionProperties) = preSolution
		HideSolutionNode = FALSE
	EndGlobalSection
	GlobalSection(ExtensibilityGlobals) = postSolution
		SolutionGuid = {B4FEE687-3FDB-4F04-A8E7-A2AC6D193385}
	EndGlobalSection
EndGlobal
