
Microsoft Visual Studio Solution File, Format Version 12.00
# Visual Studio Version 16
VisualStudioVersion = 16.0.32106.194
MinimumVisualStudioVersion = 10.0.40219.1
Project("{FAE04EC0-301F-11D3-BF4B-00C04F79EFBC}") = "BuildOceanic", "BuildOceanic\BuildOceanic.csproj", "{AEC03B64-6376-4627-96F8-933D8794F038}"
EndProject
Global
	GlobalSection(SolutionConfigurationPlatforms) = preSolution
		Debug|Any CPU = Debug|Any CPU
		Release|Any CPU = Release|Any CPU
	EndGlobalSection
	GlobalSection(ProjectConfigurationPlatforms) = postSolution
		{AEC03B64-6376-4627-96F8-933D8794F038}.Debug|Any CPU.ActiveCfg = Debug|Any CPU
		{AEC03B64-6376-4627-96F8-933D8794F038}.Debug|Any CPU.Build.0 = Debug|Any CPU
		{AEC03B64-6376-4627-96F8-933D8794F038}.Release|Any CPU.ActiveCfg = Release|Any CPU
		{AEC03B64-6376-4627-96F8-933D8794F038}.Release|Any CPU.Build.0 = Release|Any CPU
	EndGlobalSection
	GlobalSection(SolutionProperties) = preSolution
		HideSolutionNode = FALSE
	EndGlobalSection
	GlobalSection(ExtensibilityGlobals) = postSolution
		SolutionGuid = {3669E9AD-B9A3-4BFE-8ABF-5244AABC53F3}
	EndGlobalSection
EndGlobal
