
Microsoft Visual Studio Solution File, Format Version 12.00
# Visual Studio Version 16
VisualStudioVersion = 16.0.31515.178
MinimumVisualStudioVersion = 10.0.40219.1
Project("{54435603-DBB4-11D2-8724-00A0C9A8B90C}") = "SCTBuilder", "SCTBuilder\SCTBuilder.vdproj", "{B72229F9-ACB4-440B-ABA3-610648C975CB}"
EndProject
Global
	GlobalSection(SolutionConfigurationPlatforms) = preSolution
		Debug|Default = Debug|Default
		Release|Default = Release|Default
	EndGlobalSection
	GlobalSection(ProjectConfigurationPlatforms) = postSolution
		{B72229F9-ACB4-440B-ABA3-610648C975CB}.Debug|Default.ActiveCfg = Debug
		{B72229F9-ACB4-440B-ABA3-610648C975CB}.Debug|Default.Build.0 = Debug
		{B72229F9-ACB4-440B-ABA3-610648C975CB}.Release|Default.ActiveCfg = Release
		{B72229F9-ACB4-440B-ABA3-610648C975CB}.Release|Default.Build.0 = Release
	EndGlobalSection
	GlobalSection(SolutionProperties) = preSolution
		HideSolutionNode = FALSE
	EndGlobalSection
	GlobalSection(ExtensibilityGlobals) = postSolution
		SolutionGuid = {569EF61E-7ECF-4CA0-84C0-C5829E614CF2}
	EndGlobalSection
EndGlobal
