
Microsoft Visual Studio Solution File, Format Version 12.00
# Visual Studio Version 17
VisualStudioVersion = 17.3.32929.385
MinimumVisualStudioVersion = 10.0.40219.1
Project("{FAE04EC0-301F-11D3-BF4B-00C04F79EFBC}") = "AliasStrings", "AliasStrings\AliasStrings.csproj", "{D3B6B05B-5845-4691-9FC2-19A1B783AAA9}"
EndProject
Global
	GlobalSection(SolutionConfigurationPlatforms) = preSolution
		Debug|Any CPU = Debug|Any CPU
		Release|Any CPU = Release|Any CPU
	EndGlobalSection
	GlobalSection(ProjectConfigurationPlatforms) = postSolution
		{D3B6B05B-5845-4691-9FC2-19A1B783AAA9}.Debug|Any CPU.ActiveCfg = Debug|Any CPU
		{D3B6B05B-5845-4691-9FC2-19A1B783AAA9}.Debug|Any CPU.Build.0 = Debug|Any CPU
		{D3B6B05B-5845-4691-9FC2-19A1B783AAA9}.Release|Any CPU.ActiveCfg = Release|Any CPU
		{D3B6B05B-5845-4691-9FC2-19A1B783AAA9}.Release|Any CPU.Build.0 = Release|Any CPU
	EndGlobalSection
	GlobalSection(SolutionProperties) = preSolution
		HideSolutionNode = FALSE
	EndGlobalSection
	GlobalSection(ExtensibilityGlobals) = postSolution
		SolutionGuid = {A7406022-DF97-4074-B2A3-5BB11FDBBEAD}
	EndGlobalSection
EndGlobal
